<?xml version="1.0" encoding="utf-8"?>
<Project ToolsVersion="4.0" xmlns="http://schemas.microsoft.com/developer/msbuild/2003">
  <ItemGroup>
    <ClCompile Include="PolycodeTemplate.cpp" />
    <ClCompile Include="PolycodeTemplateApp.cpp" />
    <ClCompile Include="..\common\src\CalliperApp.cpp">
      <Filter>common</Filter>
    </ClCompile>
  </ItemGroup>
  <ItemGroup>
    <ClInclude Include="PolycodeTemplateApp.h" />
    <ClInclude Include="..\common\include\CalliperApp.h">
      <Filter>common</Filter>
    </ClInclude>
  </ItemGroup>
  <ItemGroup>
    <Filter Include="common">
      <UniqueIdentifier>{e156dea0-79be-47fd-be59-84a6cbab88fa}</UniqueIdentifier>
    </Filter>
  </ItemGroup>
</Project>